{
  "nodes": {
    "betterfox": {
      "inputs": {
        "flake-parts": "flake-parts",
        "import-tree": "import-tree",
        "nixpkgs": "nixpkgs",
        "systems": "systems"
      },
      "locked": {
        "lastModified": 1778074663,
        "narHash": "sha256-tKPbQx+DPHtknvo2I8nquXJZQ+jcRTwpQ/HUxp0pq9k=",
        "owner": "HeitorAugustoLN",
        "repo": "betterfox-nix",
        "rev": "f8f5d6d3359abe1c979551ca18ee6496907607e8",
        "type": "github"
      },
      "original": {
        "owner": "HeitorAugustoLN",
        "repo": "betterfox-nix",
        "type": "github"
      }
    },
    "elephant": {
      "inputs": {
        "nixpkgs": "nixpkgs_2",
        "systems": "systems_2"
      },
      "locked": {
        "lastModified": 1775706155,
        "narHash": "sha256-h7Rw0vlb0n0Jsk21WJPm7H+1T1bG+PEuxE5cJ2TZl8A=",
        "owner": "abenz1267",
        "repo": "elephant",
        "rev": "376ee71c66db38683daabd57350bf3f6f086eaf8",
        "type": "github"
      },
      "original": {
        "owner": "abenz1267",
        "repo": "elephant",
        "type": "github"
      }
    },
    "firefox-addons": {
      "inputs": {
        "nixpkgs": [
          "nixpkgs"
        ]
      },
      "locked": {
        "dir": "pkgs/firefox-addons",
        "lastModified": 1780977789,
        "narHash": "sha256-UFJfQlvInbsVaTK5XC2lafdqWlwiNP5LuQFYfDKq6Dc=",
        "owner": "rycee",
        "repo": "nur-expressions",
        "rev": "0b627f105ea3baa2fa10308a6a67a8f8cbbb3e2a",
        "type": "gitlab"
      },
      "original": {
        "dir": "pkgs/firefox-addons",
        "owner": "rycee",
        "repo": "nur-expressions",
        "type": "gitlab"
      }
    },
    "flake-parts": {
      "inputs": {
        "nixpkgs-lib": [
          "betterfox",
          "nixpkgs"
        ]
      },
      "locked": {
        "lastModified": 1763759067,
        "narHash": "sha256-LlLt2Jo/gMNYAwOgdRQBrsRoOz7BPRkzvNaI/fzXi2Q=",
        "owner": "hercules-ci",
        "repo": "flake-parts",
        "rev": "2cccadc7357c0ba201788ae99c4dfa90728ef5e0",
        "type": "github"
      },
      "original": {
        "owner": "hercules-ci",
        "repo": "flake-parts",
        "type": "github"
      }
    },
    "flake-parts_2": {
      "inputs": {
        "nixpkgs-lib": [
          "nixvim",
          "nixpkgs"
        ]
      },
      "locked": {
        "lastModified": 1778716662,
        "narHash": "sha256-m1Yf0wZ8j1OHjTc2UwHwyQRSnNeSgLJOd7q5Y45hzi4=",
        "owner": "hercules-ci",
        "repo": "flake-parts",
        "rev": "f7c1a2d347e4c52d5fb8d10cb4d94b5884e546fb",
        "type": "github"
      },
      "original": {
        "owner": "hercules-ci",
        "repo": "flake-parts",
        "type": "github"
      }
    },
    "home-manager": {
      "inputs": {
        "nixpkgs": [
          "nixpkgs"
        ]
      },
      "locked": {
        "lastModified": 1781009359,
        "narHash": "sha256-w/mZkRscTatf8NWyUstli8ROzM/eopxZzi0WRjoeYkU=",
        "owner": "nix-community",
        "repo": "home-manager",
        "rev": "c58ead12efcac436afffa93a22099a5595eb4157",
        "type": "github"
      },
      "original": {
        "owner": "nix-community",
        "repo": "home-manager",
        "type": "github"
      }
    },
    "hyprcursor-phinger": {
      "inputs": {
        "nixpkgs": "nixpkgs_3"
      },
      "locked": {
        "lastModified": 1763845612,
        "narHash": "sha256-78zH5GrYa35bEkzeVnl8uXFbZ/zsiSHayjxZlNt+Xe8=",
        "owner": "jappie3",
        "repo": "hyprcursor-phinger",
        "rev": "1207a845501a28e0e00d4a8e935ee0c9cab30650",
        "type": "github"
      },
      "original": {
        "owner": "jappie3",
        "repo": "hyprcursor-phinger",
        "type": "github"
      }
    },
    "import-tree": {
      "locked": {
        "lastModified": 1763762820,
        "narHash": "sha256-ZvYKbFib3AEwiNMLsejb/CWs/OL/srFQ8AogkebEPF0=",
        "owner": "vic",
        "repo": "import-tree",
        "rev": "3c23749d8013ec6daa1d7255057590e9ca726646",
        "type": "github"
      },
      "original": {
        "owner": "vic",
        "repo": "import-tree",
        "type": "github"
      }
    },
    "niri": {
      "inputs": {
        "niri-stable": "niri-stable",
        "niri-unstable": "niri-unstable",
        "nixpkgs": [
          "nixpkgs"
        ],
        "nixpkgs-stable": "nixpkgs-stable",
        "xwayland-satellite-stable": "xwayland-satellite-stable",
        "xwayland-satellite-unstable": "xwayland-satellite-unstable"
      },
      "locked": {
        "lastModified": 1780944960,
        "narHash": "sha256-/Tzx2TY0IVm/ptBvkKaLdOHADpM7xsUMfBKOpCibH1M=",
        "owner": "sodiboo",
        "repo": "niri-flake",
        "rev": "da6577a9bef8a4d7a9d7a2a0dc1e1089edb46bed",
        "type": "github"
      },
      "original": {
        "owner": "sodiboo",
        "repo": "niri-flake",
        "type": "github"
      }
    },
    "niri-stable": {
      "flake": false,
      "locked": {
        "lastModified": 1756556321,
        "narHash": "sha256-RLD89dfjN0RVO86C/Mot0T7aduCygPGaYbog566F0Qo=",
        "owner": "YaLTeR",
        "repo": "niri",
        "rev": "01be0e65f4eb91a9cd624ac0b76aaeab765c7294",
        "type": "github"
      },
      "original": {
        "owner": "YaLTeR",
        "ref": "v25.08",
        "repo": "niri",
        "type": "github"
      }
    },
    "niri-unstable": {
      "flake": false,
      "locked": {
        "lastModified": 1780938415,
        "narHash": "sha256-QHyIMGSbCQW8d5qbOrMsm6gem10bO3Au2YLa3alJfHo=",
        "owner": "YaLTeR",
        "repo": "niri",
        "rev": "6f1a2c5f0e8274223d4204b1f8d6f7f91538967e",
        "type": "github"
      },
      "original": {
        "owner": "YaLTeR",
        "repo": "niri",
        "type": "github"
      }
    },
    "nix-flatpak": {
      "locked": {
        "lastModified": 1739444422,
        "narHash": "sha256-iAVVHi7X3kWORftY+LVbRiStRnQEob2TULWyjMS6dWg=",
        "owner": "gmodena",
        "repo": "nix-flatpak",
        "rev": "5e54c3ca05a7c7d968ae1ddeabe01d2a9bc1e177",
        "type": "github"
      },
      "original": {
        "owner": "gmodena",
        "ref": "v0.6.0",
        "repo": "nix-flatpak",
        "type": "github"
      }
    },
    "nixpkgs": {
      "locked": {
        "lastModified": 1763806073,
        "narHash": "sha256-FHsEKDvfWpzdADWj99z7vBk4D716Ujdyveo5+A048aI=",
        "owner": "NixOS",
        "repo": "nixpkgs",
        "rev": "878e468e02bfabeda08c79250f7ad583037f2227",
        "type": "github"
      },
      "original": {
        "owner": "NixOS",
        "ref": "nixpkgs-unstable",
        "repo": "nixpkgs",
        "type": "github"
      }
    },
    "nixpkgs-stable": {
      "locked": {
        "lastModified": 1780511130,
        "narHash": "sha256-2v9lT4ya59Lh1FqPeLnz1MoX9y/wz2huqfe9RtQZITk=",
        "owner": "NixOS",
        "repo": "nixpkgs",
        "rev": "535f3e6942cb1cead3929c604320d3db54b542b9",
        "type": "github"
      },
      "original": {
        "owner": "NixOS",
        "ref": "nixos-25.11",
        "repo": "nixpkgs",
        "type": "github"
      }
    },
    "nixpkgs_2": {
      "locked": {
        "lastModified": 1764242076,
        "narHash": "sha256-sKoIWfnijJ0+9e4wRvIgm/HgE27bzwQxcEmo2J/gNpI=",
        "owner": "NixOS",
        "repo": "nixpkgs",
        "rev": "2fad6eac6077f03fe109c4d4eb171cf96791faa4",
        "type": "github"
      },
      "original": {
        "owner": "NixOS",
        "ref": "nixos-unstable",
        "repo": "nixpkgs",
        "type": "github"
      }
    },
    "nixpkgs_3": {
      "locked": {
        "lastModified": 1762977756,
        "narHash": "sha256-4PqRErxfe+2toFJFgcRKZ0UI9NSIOJa+7RXVtBhy4KE=",
        "owner": "nixos",
        "repo": "nixpkgs",
        "rev": "c5ae371f1a6a7fd27823bc500d9390b38c05fa55",
        "type": "github"
      },
      "original": {
        "owner": "nixos",
        "ref": "nixos-unstable",
        "repo": "nixpkgs",
        "type": "github"
      }
    },
    "nixpkgs_4": {
      "locked": {
        "lastModified": 1780749050,
        "narHash": "sha256-3av0pIjlOWQ6rDbNOmpUSvbNnJkGORQKKjb4LtCZsIY=",
        "owner": "nixos",
        "repo": "nixpkgs",
        "rev": "a799d3e3886da994fa307f817a6bc705ae538eeb",
        "type": "github"
      },
      "original": {
        "owner": "nixos",
        "ref": "nixos-unstable",
        "repo": "nixpkgs",
        "type": "github"
      }
    },
    "nixpkgs_5": {
      "locked": {
        "lastModified": 1780336545,
        "narHash": "sha256-vhVhuXzFrIOfcssC/9hDHx7MHzDKjF3keHuREOQqQiQ=",
        "owner": "NixOS",
        "repo": "nixpkgs",
        "rev": "4df1b885d76a54e1aa1a318f8d16fd6005b6401f",
        "type": "github"
      },
      "original": {
        "owner": "NixOS",
        "ref": "nixpkgs-unstable",
        "repo": "nixpkgs",
        "type": "github"
      }
    },
    "nixpkgs_6": {
      "locked": {
        "lastModified": 1775710090,
        "narHash": "sha256-ar3rofg+awPB8QXDaFJhJ2jJhu+KqN/PRCXeyuXR76E=",
        "owner": "NixOS",
        "repo": "nixpkgs",
        "rev": "4c1018dae018162ec878d42fec712642d214fdfa",
        "type": "github"
      },
      "original": {
        "owner": "NixOS",
        "ref": "nixos-unstable",
        "repo": "nixpkgs",
        "type": "github"
      }
    },
    "nixvim": {
      "inputs": {
        "flake-parts": "flake-parts_2",
        "nixpkgs": "nixpkgs_5",
        "systems": "systems_3"
      },
      "locked": {
        "lastModified": 1780995253,
        "narHash": "sha256-6Lsoyw2XPvY8YNMCtPnsyw0JVVtHsXP2xtrFJBBTAOQ=",
        "owner": "nix-community",
        "repo": "nixvim",
        "rev": "43a7e6f82978ac975c3bba6728869b231e7a1ba0",
        "type": "github"
      },
      "original": {
        "owner": "nix-community",
        "repo": "nixvim",
        "type": "github"
      }
    },
    "noctalia": {
      "inputs": {
        "nixpkgs": [
          "nixpkgs"
        ]
      },
      "locked": {
        "lastModified": 1781033990,
        "narHash": "sha256-Jji0FHN58mZq5oEEyVq1NVIBtorQCR0hSja5SaScZaY=",
        "owner": "noctalia-dev",
        "repo": "noctalia-shell",
        "rev": "48b15afed6734d04af3f482274a0281de50debb6",
        "type": "github"
      },
      "original": {
        "owner": "noctalia-dev",
        "repo": "noctalia-shell",
        "type": "github"
      }
    },
    "plasma-manager": {
      "inputs": {
        "home-manager": [
          "home-manager"
        ],
        "nixpkgs": [
          "nixpkgs"
        ]
      },
      "locked": {
        "lastModified": 1775856943,
        "narHash": "sha256-b7Mp7P+q2Md5AGt4rjHfMcBykzMumFTen10ST++AuTU=",
        "owner": "nix-community",
        "repo": "plasma-manager",
        "rev": "a524a6160e6df89f7673ba293cf7d78b559eb1a5",
        "type": "github"
      },
      "original": {
        "owner": "nix-community",
        "repo": "plasma-manager",
        "type": "github"
      }
    },
    "root": {
      "inputs": {
        "betterfox": "betterfox",
        "elephant": "elephant",
        "firefox-addons": "firefox-addons",
        "home-manager": "home-manager",
        "hyprcursor-phinger": "hyprcursor-phinger",
        "niri": "niri",
        "nix-flatpak": "nix-flatpak",
        "nixpkgs": "nixpkgs_4",
        "nixvim": "nixvim",
        "noctalia": "noctalia",
        "plasma-manager": "plasma-manager",
        "walker": "walker"
      }
    },
    "systems": {
      "locked": {
        "lastModified": 1681028828,
        "narHash": "sha256-Vy1rq5AaRuLzOxct8nz4T6wlgyUR7zLU309k9mBC768=",
        "owner": "nix-systems",
        "repo": "default",
        "rev": "da67096a3b9bf56a91d16901293e51ba5b49a27e",
        "type": "github"
      },
      "original": {
        "owner": "nix-systems",
        "repo": "default",
        "type": "github"
      }
    },
    "systems_2": {
      "locked": {
        "lastModified": 1689347949,
        "narHash": "sha256-12tWmuL2zgBgZkdoB6qXZsgJEH9LR3oUgpaQq2RbI80=",
        "owner": "nix-systems",
        "repo": "default-linux",
        "rev": "31732fcf5e8fea42e59c2488ad31a0e651500f68",
        "type": "github"
      },
      "original": {
        "owner": "nix-systems",
        "repo": "default-linux",
        "type": "github"
      }
    },
    "systems_3": {
      "locked": {
        "lastModified": 1774449309,
        "narHash": "sha256-brhZ8DmuGtzkCYHJg4HEd602amKm89Y9ytsFZ5uWD1w=",
        "owner": "nix-systems",
        "repo": "default",
        "rev": "c29398b59d2048c4ab79345812849c9bd15e9150",
        "type": "github"
      },
      "original": {
        "owner": "nix-systems",
        "ref": "future-26.11",
        "repo": "default",
        "type": "github"
      }
    },
    "systems_4": {
      "locked": {
        "lastModified": 1689347949,
        "narHash": "sha256-12tWmuL2zgBgZkdoB6qXZsgJEH9LR3oUgpaQq2RbI80=",
        "owner": "nix-systems",
        "repo": "default-linux",
        "rev": "31732fcf5e8fea42e59c2488ad31a0e651500f68",
        "type": "github"
      },
      "original": {
        "owner": "nix-systems",
        "repo": "default-linux",
        "type": "github"
      }
    },
    "walker": {
      "inputs": {
        "elephant": [
          "elephant"
        ],
        "nixpkgs": "nixpkgs_6",
        "systems": "systems_4"
      },
      "locked": {
        "lastModified": 1777789924,
        "narHash": "sha256-fX3ErzTmHRO9z1SzHC2VZUgKOgRfO13X/joC5a3QN7Q=",
        "owner": "abenz1267",
        "repo": "walker",
        "rev": "93d44d1cb41732e1370e4b949429ae8e34ea05a4",
        "type": "github"
      },
      "original": {
        "owner": "abenz1267",
        "repo": "walker",
        "type": "github"
      }
    },
    "xwayland-satellite-stable": {
      "flake": false,
      "locked": {
        "lastModified": 1755491097,
        "narHash": "sha256-m+9tUfsmBeF2Gn4HWa6vSITZ4Gz1eA1F5Kh62B0N4oE=",
        "owner": "Supreeeme",
        "repo": "xwayland-satellite",
        "rev": "388d291e82ffbc73be18169d39470f340707edaa",
        "type": "github"
      },
      "original": {
        "owner": "Supreeeme",
        "ref": "v0.7",
        "repo": "xwayland-satellite",
        "type": "github"
      }
    },
    "xwayland-satellite-unstable": {
      "flake": false,
      "locked": {
        "lastModified": 1779745227,
        "narHash": "sha256-yqY7RtEJGJiENzR0GwL6q69tSAy6xAAmAcLuIhLjPf8=",
        "owner": "Supreeeme",
        "repo": "xwayland-satellite",
        "rev": "5d1efbc9dc3ab1c10160b656e0247f3325daf0f2",
        "type": "github"
      },
      "original": {
        "owner": "Supreeeme",
        "repo": "xwayland-satellite",
        "type": "github"
      }
    }
  },
  "root": "root",
  "version": 7
}
